// !$*UTF8*$!
{
	archiveVersion = 1;
	classes = {
	};
	objectVersion = 56;
	objects = {

/* Begin PBXBuildFile section */
		2DD0965A2BBD684A0043ED78 /* starbucksApp.swift in Sources */ = {isa = PBXBuildFile; fileRef = 2DD096592BBD684A0043ED78 /* starbucksApp.swift */; };
		2DD0965E2BBD684B0043ED78 /* Assets.xcassets in Resources */ = {isa = PBXBuildFile; fileRef = 2DD0965D2BBD684B0043ED78 /* Assets.xcassets */; };
		2DD096612BBD684B0043ED78 /* Preview Assets.xcassets in Resources */ = {isa = PBXBuildFile; fileRef = 2DD096602BBD684B0043ED78 /* Preview Assets.xcassets */; };
		2DD0966E2BBD6DA40043ED78 /* Color.swift in Sources */ = {isa = PBXBuildFile; fileRef = 2DD0966D2BBD6DA40043ED78 /* Color.swift */; };
		2DD096722BBD71540043ED78 /* LaunchView.swift in Sources */ = {isa = PBXBuildFile; fileRef = 2DD096712BBD71540043ED78 /* LaunchView.swift */; };
		2DD096782BBD739B0043ED78 /* LauchUIState.swift in Sources */ = {isa = PBXBuildFile; fileRef = 2DD096772BBD739B0043ED78 /* LauchUIState.swift */; };
		2DD0967A2BBD73C20043ED78 /* LaunchViewModel.swift in Sources */ = {isa = PBXBuildFile; fileRef = 2DD096792BBD73C20043ED78 /* LaunchViewModel.swift */; };
		2DD0967C2BBD746F0043ED78 /* LaunchViewRouter.swift in Sources */ = {isa = PBXBuildFile; fileRef = 2DD0967B2BBD746F0043ED78 /* LaunchViewRouter.swift */; };
		2DD096812BBD74B80043ED78 /* HomeViewModel.swift in Sources */ = {isa = PBXBuildFile; fileRef = 2DD096802BBD74B80043ED78 /* HomeViewModel.swift */; };
		2DD096842BBD74E40043ED78 /* HomeView.swift in Sources */ = {isa = PBXBuildFile; fileRef = 2DD096832BBD74E40043ED78 /* HomeView.swift */; };
		2DD0968A2BBD782B0043ED78 /* SignInView.swift in Sources */ = {isa = PBXBuildFile; fileRef = 2DD096892BBD782B0043ED78 /* SignInView.swift */; };
		2DD0968C2BBD78350043ED78 /* SignInViewModel.swift in Sources */ = {isa = PBXBuildFile; fileRef = 2DD0968B2BBD78350043ED78 /* SignInViewModel.swift */; };
		2DD0968E2BBD78480043ED78 /* SignInUIState.swift in Sources */ = {isa = PBXBuildFile; fileRef = 2DD0968D2BBD78480043ED78 /* SignInUIState.swift */; };
		2DD096902BBD78570043ED78 /* SignInViewRouter.swift in Sources */ = {isa = PBXBuildFile; fileRef = 2DD0968F2BBD78570043ED78 /* SignInViewRouter.swift */; };
		2DD096932BBD7DE60043ED78 /* EditTextView.swift in Sources */ = {isa = PBXBuildFile; fileRef = 2DD096922BBD7DE60043ED78 /* EditTextView.swift */; };
		2DD096982BBD7ED40043ED78 /* CustomTextFieldStyle.swift in Sources */ = {isa = PBXBuildFile; fileRef = 2DD096972BBD7ED40043ED78 /* CustomTextFieldStyle.swift */; };
		2DD0969A2BBD81CC0043ED78 /* Mask.swift in Sources */ = {isa = PBXBuildFile; fileRef = 2DD096992BBD81CC0043ED78 /* Mask.swift */; };
		2DD0969C2BBD906B0043ED78 /* String.swift in Sources */ = {isa = PBXBuildFile; fileRef = 2DD0969B2BBD906B0043ED78 /* String.swift */; };
		2DD0969E2BBD96DA0043ED78 /* LoadingButton.swift in Sources */ = {isa = PBXBuildFile; fileRef = 2DD0969D2BBD96DA0043ED78 /* LoadingButton.swift */; };
		2DDD25292BD2B21D00431A44 /* View.swift in Sources */ = {isa = PBXBuildFile; fileRef = 2DDD25282BD2B21D00431A44 /* View.swift */; };
		2DDD252B2BD2B25D00431A44 /* Blur.swift in Sources */ = {isa = PBXBuildFile; fileRef = 2DDD252A2BD2B25D00431A44 /* Blur.swift */; };
		2DDD252D2BD2C30200431A44 /* HeaderView.swift in Sources */ = {isa = PBXBuildFile; fileRef = 2DDD252C2BD2C30200431A44 /* HeaderView.swift */; };
		2DDD252F2BD2C34700431A44 /* SearchBarView.swift in Sources */ = {isa = PBXBuildFile; fileRef = 2DDD252E2BD2C34700431A44 /* SearchBarView.swift */; };
		2DDD25312BD2C3FD00431A44 /* BannerView.swift in Sources */ = {isa = PBXBuildFile; fileRef = 2DDD25302BD2C3FD00431A44 /* BannerView.swift */; };
		2DDD25332BD2C53500431A44 /* SegmentedProductControl.swift in Sources */ = {isa = PBXBuildFile; fileRef = 2DDD25322BD2C53500431A44 /* SegmentedProductControl.swift */; };
		2DDD25372BD2C74600431A44 /* Products.swift in Sources */ = {isa = PBXBuildFile; fileRef = 2DDD25362BD2C74600431A44 /* Products.swift */; };
/* End PBXBuildFile section */

/* Begin PBXFileReference section */
		2DD096562BBD684A0043ED78 /* starbucks.app */ = {isa = PBXFileReference; explicitFileType = wrapper.application; includeInIndex = 0; path = starbucks.app; sourceTree = BUILT_PRODUCTS_DIR; };
		2DD096592BBD684A0043ED78 /* starbucksApp.swift */ = {isa = PBXFileReference; lastKnownFileType = sourcecode.swift; path = starbucksApp.swift; sourceTree = "<group>"; };
		2DD0965D2BBD684B0043ED78 /* Assets.xcassets */ = {isa = PBXFileReference; lastKnownFileType = folder.assetcatalog; path = Assets.xcassets; sourceTree = "<group>"; };
		2DD096602BBD684B0043ED78 /* Preview Assets.xcassets */ = {isa = PBXFileReference; lastKnownFileType = folder.assetcatalog; path = "Preview Assets.xcassets"; sourceTree = "<group>"; };
		2DD0966D2BBD6DA40043ED78 /* Color.swift */ = {isa = PBXFileReference; lastKnownFileType = sourcecode.swift; path = Color.swift; sourceTree = "<group>"; };
		2DD096712BBD71540043ED78 /* LaunchView.swift */ = {isa = PBXFileReference; lastKnownFileType = sourcecode.swift; path = LaunchView.swift; sourceTree = "<group>"; };
		2DD096772BBD739B0043ED78 /* LauchUIState.swift */ = {isa = PBXFileReference; lastKnownFileType = sourcecode.swift; path = LauchUIState.swift; sourceTree = "<group>"; };
		2DD096792BBD73C20043ED78 /* LaunchViewModel.swift */ = {isa = PBXFileReference; lastKnownFileType = sourcecode.swift; path = LaunchViewModel.swift; sourceTree = "<group>"; };
		2DD0967B2BBD746F0043ED78 /* LaunchViewRouter.swift */ = {isa = PBXFileReference; lastKnownFileType = sourcecode.swift; path = LaunchViewRouter.swift; sourceTree = "<group>"; };
		2DD096802BBD74B80043ED78 /* HomeViewModel.swift */ = {isa = PBXFileReference; lastKnownFileType = sourcecode.swift; path = HomeViewModel.swift; sourceTree = "<group>"; };
		2DD096832BBD74E40043ED78 /* HomeView.swift */ = {isa = PBXFileReference; lastKnownFileType = sourcecode.swift; path = HomeView.swift; sourceTree = "<group>"; };
		2DD096892BBD782B0043ED78 /* SignInView.swift */ = {isa = PBXFileReference; lastKnownFileType = sourcecode.swift; path = SignInView.swift; sourceTree = "<group>"; };
		2DD0968B2BBD78350043ED78 /* SignInViewModel.swift */ = {isa = PBXFileReference; lastKnownFileType = sourcecode.swift; path = SignInViewModel.swift; sourceTree = "<group>"; };
		2DD0968D2BBD78480043ED78 /* SignInUIState.swift */ = {isa = PBXFileReference; lastKnownFileType = sourcecode.swift; path = SignInUIState.swift; sourceTree = "<group>"; };
		2DD0968F2BBD78570043ED78 /* SignInViewRouter.swift */ = {isa = PBXFileReference; lastKnownFileType = sourcecode.swift; path = SignInViewRouter.swift; sourceTree = "<group>"; };
		2DD096922BBD7DE60043ED78 /* EditTextView.swift */ = {isa = PBXFileReference; lastKnownFileType = sourcecode.swift; path = EditTextView.swift; sourceTree = "<group>"; };
		2DD096972BBD7ED40043ED78 /* CustomTextFieldStyle.swift */ = {isa = PBXFileReference; lastKnownFileType = sourcecode.swift; path = CustomTextFieldStyle.swift; sourceTree = "<group>"; };
		2DD096992BBD81CC0043ED78 /* Mask.swift */ = {isa = PBXFileReference; lastKnownFileType = sourcecode.swift; path = Mask.swift; sourceTree = "<group>"; };
		2DD0969B2BBD906B0043ED78 /* String.swift */ = {isa = PBXFileReference; lastKnownFileType = sourcecode.swift; path = String.swift; sourceTree = "<group>"; };
		2DD0969D2BBD96DA0043ED78 /* LoadingButton.swift */ = {isa = PBXFileReference; lastKnownFileType = sourcecode.swift; path = LoadingButton.swift; sourceTree = "<group>"; };
		2DDD25282BD2B21D00431A44 /* View.swift */ = {isa = PBXFileReference; lastKnownFileType = sourcecode.swift; path = View.swift; sourceTree = "<group>"; };
		2DDD252A2BD2B25D00431A44 /* Blur.swift */ = {isa = PBXFileReference; lastKnownFileType = sourcecode.swift; path = Blur.swift; sourceTree = "<group>"; };
		2DDD252C2BD2C30200431A44 /* HeaderView.swift */ = {isa = PBXFileReference; lastKnownFileType = sourcecode.swift; path = HeaderView.swift; sourceTree = "<group>"; };
		2DDD252E2BD2C34700431A44 /* SearchBarView.swift */ = {isa = PBXFileReference; lastKnownFileType = sourcecode.swift; path = SearchBarView.swift; sourceTree = "<group>"; };
		2DDD25302BD2C3FD00431A44 /* BannerView.swift */ = {isa = PBXFileReference; lastKnownFileType = sourcecode.swift; path = BannerView.swift; sourceTree = "<group>"; };
		2DDD25322BD2C53500431A44 /* SegmentedProductControl.swift */ = {isa = PBXFileReference; lastKnownFileType = sourcecode.swift; path = SegmentedProductControl.swift; sourceTree = "<group>"; };
		2DDD25362BD2C74600431A44 /* Products.swift */ = {isa = PBXFileReference; lastKnownFileType = sourcecode.swift; path = Products.swift; sourceTree = "<group>"; };
/* End PBXFileReference section */

/* Begin PBXFrameworksBuildPhase section */
		2DD096532BBD684A0043ED78 /* Frameworks */ = {
			isa = PBXFrameworksBuildPhase;
			buildActionMask = 2147483647;
			files = (
			);
			runOnlyForDeploymentPostprocessing = 0;
		};
/* End PBXFrameworksBuildPhase section */

/* Begin PBXGroup section */
		2DD0964D2BBD684A0043ED78 = {
			isa = PBXGroup;
			children = (
				2DD096582BBD684A0043ED78 /* starbucks */,
				2DD096572BBD684A0043ED78 /* Products */,
			);
			sourceTree = "<group>";
		};
		2DD096572BBD684A0043ED78 /* Products */ = {
			isa = PBXGroup;
			children = (
				2DD096562BBD684A0043ED78 /* starbucks.app */,
			);
			name = Products;
			sourceTree = "<group>";
		};
		2DD096582BBD684A0043ED78 /* starbucks */ = {
			isa = PBXGroup;
			children = (
				2DDD25342BD2C73300431A44 /* Utils */,
				2DD096912BBD7DD60043ED78 /* Components */,
				2DD0966C2BBD6D810043ED78 /* Extensions */,
				2DD096672BBD6D5C0043ED78 /* Core */,
				2DD096592BBD684A0043ED78 /* starbucksApp.swift */,
				2DD0965D2BBD684B0043ED78 /* Assets.xcassets */,
				2DD0965F2BBD684B0043ED78 /* Preview Content */,
			);
			path = starbucks;
			sourceTree = "<group>";
		};
		2DD0965F2BBD684B0043ED78 /* Preview Content */ = {
			isa = PBXGroup;
			children = (
				2DD096602BBD684B0043ED78 /* Preview Assets.xcassets */,
			);
			path = "Preview Content";
			sourceTree = "<group>";
		};
		2DD096672BBD6D5C0043ED78 /* Core */ = {
			isa = PBXGroup;
			children = (
				2DD096852BBD78070043ED78 /* SignIn */,
				2DD0967D2BBD74A80043ED78 /* Home */,
				2DD096682BBD6D630043ED78 /* Launch */,
			);
			path = Core;
			sourceTree = "<group>";
		};
		2DD096682BBD6D630043ED78 /* Launch */ = {
			isa = PBXGroup;
			children = (
				2DD096752BBD73760043ED78 /* View */,
				2DD096742BBD736E0043ED78 /* ViewModel */,
				2DD096762BBD73840043ED78 /* Model */,
			);
			path = Launch;
			sourceTree = "<group>";
		};
		2DD0966C2BBD6D810043ED78 /* Extensions */ = {
			isa = PBXGroup;
			children = (
				2DD0966D2BBD6DA40043ED78 /* Color.swift */,
				2DD0969B2BBD906B0043ED78 /* String.swift */,
				2DDD25282BD2B21D00431A44 /* View.swift */,
			);
			path = Extensions;
			sourceTree = "<group>";
		};
		2DD096742BBD736E0043ED78 /* ViewModel */ = {
			isa = PBXGroup;
			children = (
				2DD096792BBD73C20043ED78 /* LaunchViewModel.swift */,
				2DD0967B2BBD746F0043ED78 /* LaunchViewRouter.swift */,
			);
			path = ViewModel;
			sourceTree = "<group>";
		};
		2DD096752BBD73760043ED78 /* View */ = {
			isa = PBXGroup;
			children = (
				2DD096712BBD71540043ED78 /* LaunchView.swift */,
			);
			path = View;
			sourceTree = "<group>";
		};
		2DD096762BBD73840043ED78 /* Model */ = {
			isa = PBXGroup;
			children = (
				2DD096772BBD739B0043ED78 /* LauchUIState.swift */,
			);
			path = Model;
			sourceTree = "<group>";
		};
		2DD0967D2BBD74A80043ED78 /* Home */ = {
			isa = PBXGroup;
			children = (
				2DD096822BBD74DD0043ED78 /* View */,
				2DD0967F2BBD74AF0043ED78 /* ViewModel */,
				2DD0967E2BBD74AC0043ED78 /* Model */,
			);
			path = Home;
			sourceTree = "<group>";
		};
		2DD0967E2BBD74AC0043ED78 /* Model */ = {
			isa = PBXGroup;
			children = (
			);
			path = Model;
			sourceTree = "<group>";
		};
		2DD0967F2BBD74AF0043ED78 /* ViewModel */ = {
			isa = PBXGroup;
			children = (
				2DD096802BBD74B80043ED78 /* HomeViewModel.swift */,
			);
			path = ViewModel;
			sourceTree = "<group>";
		};
		2DD096822BBD74DD0043ED78 /* View */ = {
			isa = PBXGroup;
			children = (
				2DD096832BBD74E40043ED78 /* HomeView.swift */,
			);
			path = View;
			sourceTree = "<group>";
		};
		2DD096852BBD78070043ED78 /* SignIn */ = {
			isa = PBXGroup;
			children = (
				2DD096882BBD781E0043ED78 /* View */,
				2DD096872BBD78150043ED78 /* ViewModel */,
				2DD096862BBD78100043ED78 /* Model */,
			);
			path = SignIn;
			sourceTree = "<group>";
		};
		2DD096862BBD78100043ED78 /* Model */ = {
			isa = PBXGroup;
			children = (
				2DD0968D2BBD78480043ED78 /* SignInUIState.swift */,
			);
			path = Model;
			sourceTree = "<group>";
		};
		2DD096872BBD78150043ED78 /* ViewModel */ = {
			isa = PBXGroup;
			children = (
				2DD0968B2BBD78350043ED78 /* SignInViewModel.swift */,
				2DD0968F2BBD78570043ED78 /* SignInViewRouter.swift */,
			);
			path = ViewModel;
			sourceTree = "<group>";
		};
		2DD096882BBD781E0043ED78 /* View */ = {
			isa = PBXGroup;
			children = (
				2DD096892BBD782B0043ED78 /* SignInView.swift */,
			);
			path = View;
			sourceTree = "<group>";
		};
		2DD096912BBD7DD60043ED78 /* Components */ = {
			isa = PBXGroup;
			children = (
				2DD096962BBD7EBA0043ED78 /* Style */,
				2DD096952BBD7EAE0043ED78 /* View */,
				2DD096992BBD81CC0043ED78 /* Mask.swift */,
			);
			path = Components;
			sourceTree = "<group>";
		};
		2DD096952BBD7EAE0043ED78 /* View */ = {
			isa = PBXGroup;
			children = (
				2DD096922BBD7DE60043ED78 /* EditTextView.swift */,
				2DD0969D2BBD96DA0043ED78 /* LoadingButton.swift */,
				2DDD252C2BD2C30200431A44 /* HeaderView.swift */,
				2DDD252E2BD2C34700431A44 /* SearchBarView.swift */,
				2DDD25302BD2C3FD00431A44 /* BannerView.swift */,
				2DDD25322BD2C53500431A44 /* SegmentedProductControl.swift */,
			);
			path = View;
			sourceTree = "<group>";
		};
		2DD096962BBD7EBA0043ED78 /* Style */ = {
			isa = PBXGroup;
			children = (
				2DD096972BBD7ED40043ED78 /* CustomTextFieldStyle.swift */,
				2DDD252A2BD2B25D00431A44 /* Blur.swift */,
			);
			path = Style;
			sourceTree = "<group>";
		};
		2DDD25342BD2C73300431A44 /* Utils */ = {
			isa = PBXGroup;
			children = (
				2DDD25352BD2C73900431A44 /* Models */,
			);
			path = Utils;
			sourceTree = "<group>";
		};
		2DDD25352BD2C73900431A44 /* Models */ = {
			isa = PBXGroup;
			children = (
				2DDD25362BD2C74600431A44 /* Products.swift */,
			);
			path = Models;
			sourceTree = "<group>";
		};
/* End PBXGroup section */

/* Begin PBXNativeTarget section */
		2DD096552BBD684A0043ED78 /* starbucks */ = {
			isa = PBXNativeTarget;
			buildConfigurationList = 2DD096642BBD684B0043ED78 /* Build configuration list for PBXNativeTarget "starbucks" */;
			buildPhases = (
				2DD096522BBD684A0043ED78 /* Sources */,
				2DD096532BBD684A0043ED78 /* Frameworks */,
				2DD096542BBD684A0043ED78 /* Resources */,
			);
			buildRules = (
			);
			dependencies = (
			);
			name = starbucks;
			productName = starbucks;
			productReference = 2DD096562BBD684A0043ED78 /* starbucks.app */;
			productType = "com.apple.product-type.application";
		};
/* End PBXNativeTarget section */

/* Begin PBXProject section */
		2DD0964E2BBD684A0043ED78 /* Project object */ = {
			isa = PBXProject;
			attributes = {
				BuildIndependentTargetsInParallel = 1;
				LastSwiftUpdateCheck = 1530;
				LastUpgradeCheck = 1530;
				TargetAttributes = {
					2DD096552BBD684A0043ED78 = {
						CreatedOnToolsVersion = 15.3;
					};
				};
			};
			buildConfigurationList = 2DD096512BBD684A0043ED78 /* Build configuration list for PBXProject "starbucks" */;
			compatibilityVersion = "Xcode 14.0";
			developmentRegion = en;
			hasScannedForEncodings = 0;
			knownRegions = (
				en,
				Base,
			);
			mainGroup = 2DD0964D2BBD684A0043ED78;
			productRefGroup = 2DD096572BBD684A0043ED78 /* Products */;
			projectDirPath = "";
			projectRoot = "";
			targets = (
				2DD096552BBD684A0043ED78 /* starbucks */,
			);
		};
/* End PBXProject section */

/* Begin PBXResourcesBuildPhase section */
		2DD096542BBD684A0043ED78 /* Resources */ = {
			isa = PBXResourcesBuildPhase;
			buildActionMask = 2147483647;
			files = (
				2DD096612BBD684B0043ED78 /* Preview Assets.xcassets in Resources */,
				2DD0965E2BBD684B0043ED78 /* Assets.xcassets in Resources */,
			);
			runOnlyForDeploymentPostprocessing = 0;
		};
/* End PBXResourcesBuildPhase section */

/* Begin PBXSourcesBuildPhase section */
		2DD096522BBD684A0043ED78 /* Sources */ = {
			isa = PBXSourcesBuildPhase;
			buildActionMask = 2147483647;
			files = (
				2DD0969E2BBD96DA0043ED78 /* LoadingButton.swift in Sources */,
				2DD096842BBD74E40043ED78 /* HomeView.swift in Sources */,
				2DD0969A2BBD81CC0043ED78 /* Mask.swift in Sources */,
				2DD096782BBD739B0043ED78 /* LauchUIState.swift in Sources */,
				2DD096722BBD71540043ED78 /* LaunchView.swift in Sources */,
				2DD0968A2BBD782B0043ED78 /* SignInView.swift in Sources */,
				2DD096812BBD74B80043ED78 /* HomeViewModel.swift in Sources */,
				2DD0968C2BBD78350043ED78 /* SignInViewModel.swift in Sources */,
				2DDD25312BD2C3FD00431A44 /* BannerView.swift in Sources */,
				2DDD252B2BD2B25D00431A44 /* Blur.swift in Sources */,
				2DD0965A2BBD684A0043ED78 /* starbucksApp.swift in Sources */,
				2DDD252F2BD2C34700431A44 /* SearchBarView.swift in Sources */,
				2DD0966E2BBD6DA40043ED78 /* Color.swift in Sources */,
				2DD0968E2BBD78480043ED78 /* SignInUIState.swift in Sources */,
				2DD0967C2BBD746F0043ED78 /* LaunchViewRouter.swift in Sources */,
				2DD096932BBD7DE60043ED78 /* EditTextView.swift in Sources */,
				2DD096902BBD78570043ED78 /* SignInViewRouter.swift in Sources */,
				2DDD252D2BD2C30200431A44 /* HeaderView.swift in Sources */,
				2DDD25292BD2B21D00431A44 /* View.swift in Sources */,
				2DD0969C2BBD906B0043ED78 /* String.swift in Sources */,
				2DDD25332BD2C53500431A44 /* SegmentedProductControl.swift in Sources */,
				2DDD25372BD2C74600431A44 /* Products.swift in Sources */,
				2DD0967A2BBD73C20043ED78 /* LaunchViewModel.swift in Sources */,
				2DD096982BBD7ED40043ED78 /* CustomTextFieldStyle.swift in Sources */,
			);
			runOnlyForDeploymentPostprocessing = 0;
		};
/* End PBXSourcesBuildPhase section */

/* Begin XCBuildConfiguration section */
		2DD096622BBD684B0043ED78 /* Debug */ = {
			isa = XCBuildConfiguration;
			buildSettings = {
				ALWAYS_SEARCH_USER_PATHS = NO;
				ASSETCATALOG_COMPILER_GENERATE_SWIFT_ASSET_SYMBOL_EXTENSIONS = YES;
				CLANG_ANALYZER_NONNULL = YES;
				CLANG_ANALYZER_NUMBER_OBJECT_CONVERSION = YES_AGGRESSIVE;
				CLANG_CXX_LANGUAGE_STANDARD = "gnu++20";
				CLANG_ENABLE_MODULES = YES;
				CLANG_ENABLE_OBJC_ARC = YES;
				CLANG_ENABLE_OBJC_WEAK = YES;
				CLANG_WARN_BLOCK_CAPTURE_AUTORELEASING = YES;
				CLANG_WARN_BOOL_CONVERSION = YES;
				CLANG_WARN_COMMA = YES;
				CLANG_WARN_CONSTANT_CONVERSION = YES;
				CLANG_WARN_DEPRECATED_OBJC_IMPLEMENTATIONS = YES;
				CLANG_WARN_DIRECT_OBJC_ISA_USAGE = YES_ERROR;
				CLANG_WARN_DOCUMENTATION_COMMENTS = YES;
				CLANG_WARN_EMPTY_BODY = YES;
				CLANG_WARN_ENUM_CONVERSION = YES;
				CLANG_WARN_INFINITE_RECURSION = YES;
				CLANG_WARN_INT_CONVERSION = YES;
				CLANG_WARN_NON_LITERAL_NULL_CONVERSION = YES;
				CLANG_WARN_OBJC_IMPLICIT_RETAIN_SELF = YES;
				CLANG_WARN_OBJC_LITERAL_CONVERSION = YES;
				CLANG_WARN_OBJC_ROOT_CLASS = YES_ERROR;
				CLANG_WARN_QUOTED_INCLUDE_IN_FRAMEWORK_HEADER = YES;
				CLANG_WARN_RANGE_LOOP_ANALYSIS = YES;
				CLANG_WARN_STRICT_PROTOTYPES = YES;
				CLANG_WARN_SUSPICIOUS_MOVE = YES;
				CLANG_WARN_UNGUARDED_AVAILABILITY = YES_AGGRESSIVE;
				CLANG_WARN_UNREACHABLE_CODE = YES;
				CLANG_WARN__DUPLICATE_METHOD_MATCH = YES;
				COPY_PHASE_STRIP = NO;
				DEBUG_INFORMATION_FORMAT = dwarf;
				ENABLE_STRICT_OBJC_MSGSEND = YES;
				ENABLE_TESTABILITY = YES;
				ENABLE_USER_SCRIPT_SANDBOXING = YES;
				GCC_C_LANGUAGE_STANDARD = gnu17;
				GCC_DYNAMIC_NO_PIC = NO;
				GCC_NO_COMMON_BLOCKS = YES;
				GCC_OPTIMIZATION_LEVEL = 0;
				GCC_PREPROCESSOR_DEFINITIONS = (
					"DEBUG=1",
					"$(inherited)",
				);
				GCC_WARN_64_TO_32_BIT_CONVERSION = YES;
				GCC_WARN_ABOUT_RETURN_TYPE = YES_ERROR;
				GCC_WARN_UNDECLARED_SELECTOR = YES;
				GCC_WARN_UNINITIALIZED_AUTOS = YES_AGGRESSIVE;
				GCC_WARN_UNUSED_FUNCTION = YES;
				GCC_WARN_UNUSED_VARIABLE = YES;
				IPHONEOS_DEPLOYMENT_TARGET = 17.4;
				LOCALIZATION_PREFERS_STRING_CATALOGS = YES;
				MTL_ENABLE_DEBUG_INFO = INCLUDE_SOURCE;
				MTL_FAST_MATH = YES;
				ONLY_ACTIVE_ARCH = YES;
				SDKROOT = iphoneos;
				SWIFT_ACTIVE_COMPILATION_CONDITIONS = "DEBUG $(inherited)";
				SWIFT_OPTIMIZATION_LEVEL = "-Onone";
			};
			name = Debug;
		};
		2DD096632BBD684B0043ED78 /* Release */ = {
			isa = XCBuildConfiguration;
			buildSettings = {
				ALWAYS_SEARCH_USER_PATHS = NO;
				ASSETCATALOG_COMPILER_GENERATE_SWIFT_ASSET_SYMBOL_EXTENSIONS = YES;
				CLANG_ANALYZER_NONNULL = YES;
				CLANG_ANALYZER_NUMBER_OBJECT_CONVERSION = YES_AGGRESSIVE;
				CLANG_CXX_LANGUAGE_STANDARD = "gnu++20";
				CLANG_ENABLE_MODULES = YES;
				CLANG_ENABLE_OBJC_ARC = YES;
				CLANG_ENABLE_OBJC_WEAK = YES;
				CLANG_WARN_BLOCK_CAPTURE_AUTORELEASING = YES;
				CLANG_WARN_BOOL_CONVERSION = YES;
				CLANG_WARN_COMMA = YES;
				CLANG_WARN_CONSTANT_CONVERSION = YES;
				CLANG_WARN_DEPRECATED_OBJC_IMPLEMENTATIONS = YES;
				CLANG_WARN_DIRECT_OBJC_ISA_USAGE = YES_ERROR;
				CLANG_WARN_DOCUMENTATION_COMMENTS = YES;
				CLANG_WARN_EMPTY_BODY = YES;
				CLANG_WARN_ENUM_CONVERSION = YES;
				CLANG_WARN_INFINITE_RECURSION = YES;
				CLANG_WARN_INT_CONVERSION = YES;
				CLANG_WARN_NON_LITERAL_NULL_CONVERSION = YES;
				CLANG_WARN_OBJC_IMPLICIT_RETAIN_SELF = YES;
				CLANG_WARN_OBJC_LITERAL_CONVERSION = YES;
				CLANG_WARN_OBJC_ROOT_CLASS = YES_ERROR;
				CLANG_WARN_QUOTED_INCLUDE_IN_FRAMEWORK_HEADER = YES;
				CLANG_WARN_RANGE_LOOP_ANALYSIS = YES;
				CLANG_WARN_STRICT_PROTOTYPES = YES;
				CLANG_WARN_SUSPICIOUS_MOVE = YES;
				CLANG_WARN_UNGUARDED_AVAILABILITY = YES_AGGRESSIVE;
				CLANG_WARN_UNREACHABLE_CODE = YES;
				CLANG_WARN__DUPLICATE_METHOD_MATCH = YES;
				COPY_PHASE_STRIP = NO;
				DEBUG_INFORMATION_FORMAT = "dwarf-with-dsym";
				ENABLE_NS_ASSERTIONS = NO;
				ENABLE_STRICT_OBJC_MSGSEND = YES;
				ENABLE_USER_SCRIPT_SANDBOXING = YES;
				GCC_C_LANGUAGE_STANDARD = gnu17;
				GCC_NO_COMMON_BLOCKS = YES;
				GCC_WARN_64_TO_32_BIT_CONVERSION = YES;
				GCC_WARN_ABOUT_RETURN_TYPE = YES_ERROR;
				GCC_WARN_UNDECLARED_SELECTOR = YES;
				GCC_WARN_UNINITIALIZED_AUTOS = YES_AGGRESSIVE;
				GCC_WARN_UNUSED_FUNCTION = YES;
				GCC_WARN_UNUSED_VARIABLE = YES;
				IPHONEOS_DEPLOYMENT_TARGET = 17.4;
				LOCALIZATION_PREFERS_STRING_CATALOGS = YES;
				MTL_ENABLE_DEBUG_INFO = NO;
				MTL_FAST_MATH = YES;
				SDKROOT = iphoneos;
				SWIFT_COMPILATION_MODE = wholemodule;
				VALIDATE_PRODUCT = YES;
			};
			name = Release;
		};
		2DD096652BBD684B0043ED78 /* Debug */ = {
			isa = XCBuildConfiguration;
			buildSettings = {
				ASSETCATALOG_COMPILER_APPICON_NAME = AppIcon;
				ASSETCATALOG_COMPILER_GLOBAL_ACCENT_COLOR_NAME = AccentColor;
				CODE_SIGN_STYLE = Automatic;
				CURRENT_PROJECT_VERSION = 1;
				DEVELOPMENT_ASSET_PATHS = "\"starbucks/Preview Content\"";
				DEVELOPMENT_TEAM = BLLA4QKA85;
				ENABLE_PREVIEWS = YES;
				GENERATE_INFOPLIST_FILE = YES;
				INFOPLIST_KEY_UIApplicationSceneManifest_Generation = YES;
				INFOPLIST_KEY_UIApplicationSupportsIndirectInputEvents = YES;
				INFOPLIST_KEY_UILaunchScreen_Generation = YES;
				INFOPLIST_KEY_UISupportedInterfaceOrientations = UIInterfaceOrientationPortrait;
				IPHONEOS_DEPLOYMENT_TARGET = 16.0;
				LD_RUNPATH_SEARCH_PATHS = (
					"$(inherited)",
					"@executable_path/Frameworks",
				);
				MARKETING_VERSION = 1.0;
				PRODUCT_BUNDLE_IDENTIFIER = com.iosdeveloper.edsonsantos.starbucks;
				PRODUCT_NAME = "$(TARGET_NAME)";
				SWIFT_EMIT_LOC_STRINGS = YES;
				SWIFT_VERSION = 5.0;
				TARGETED_DEVICE_FAMILY = "1,2";
			};
			name = Debug;
		};
		2DD096662BBD684B0043ED78 /* Release */ = {
			isa = XCBuildConfiguration;
			buildSettings = {
				ASSETCATALOG_COMPILER_APPICON_NAME = AppIcon;
				ASSETCATALOG_COMPILER_GLOBAL_ACCENT_COLOR_NAME = AccentColor;
				CODE_SIGN_STYLE = Automatic;
				CURRENT_PROJECT_VERSION = 1;
				DEVELOPMENT_ASSET_PATHS = "\"starbucks/Preview Content\"";
				DEVELOPMENT_TEAM = BLLA4QKA85;
				ENABLE_PREVIEWS = YES;
				GENERATE_INFOPLIST_FILE = YES;
				INFOPLIST_KEY_UIApplicationSceneManifest_Generation = YES;
				INFOPLIST_KEY_UIApplicationSupportsIndirectInputEvents = YES;
				INFOPLIST_KEY_UILaunchScreen_Generation = YES;
				INFOPLIST_KEY_UISupportedInterfaceOrientations = UIInterfaceOrientationPortrait;
				IPHONEOS_DEPLOYMENT_TARGET = 16.0;
				LD_RUNPATH_SEARCH_PATHS = (
					"$(inherited)",
					"@executable_path/Frameworks",
				);
				MARKETING_VERSION = 1.0;
				PRODUCT_BUNDLE_IDENTIFIER = com.iosdeveloper.edsonsantos.starbucks;
				PRODUCT_NAME = "$(TARGET_NAME)";
				SWIFT_EMIT_LOC_STRINGS = YES;
				SWIFT_VERSION = 5.0;
				TARGETED_DEVICE_FAMILY = "1,2";
			};
			name = Release;
		};
/* End XCBuildConfiguration section */

/* Begin XCConfigurationList section */
		2DD096512BBD684A0043ED78 /* Build configuration list for PBXProject "starbucks" */ = {
			isa = XCConfigurationList;
			buildConfigurations = (
				2DD096622BBD684B0043ED78 /* Debug */,
				2DD096632BBD684B0043ED78 /* Release */,
			);
			defaultConfigurationIsVisible = 0;
			defaultConfigurationName = Release;
		};
		2DD096642BBD684B0043ED78 /* Build configuration list for PBXNativeTarget "starbucks" */ = {
			isa = XCConfigurationList;
			buildConfigurations = (
				2DD096652BBD684B0043ED78 /* Debug */,
				2DD096662BBD684B0043ED78 /* Release */,
			);
			defaultConfigurationIsVisible = 0;
			defaultConfigurationName = Release;
		};
/* End XCConfigurationList section */
	};
	rootObject = 2DD0964E2BBD684A0043ED78 /* Project object */;
}
